
Microsoft Visual Studio Solution File, Format Version 12.00
# Visual Studio Version 16
VisualStudioVersion = 16.0.30320.27
MinimumVisualStudioVersion = 10.0.40219.1
Project("{FAE04EC0-301F-11D3-BF4B-00C04F79EFBC}") = "Site", "Site\Site.csproj", "{65A08184-857C-4BF1-ACA5-C70A8019BFCF}"
EndProject
Project("{FAE04EC0-301F-11D3-BF4B-00C04F79EFBC}") = "Api", "Api\Api.csproj", "{4ECF7E18-44B2-4AC9-BCA4-FE5555C19D65}"
EndProject
Global
	GlobalSection(SolutionConfigurationPlatforms) = preSolution
		Debug|Any CPU = Debug|Any CPU
		Release|Any CPU = Release|Any CPU
	EndGlobalSection
	GlobalSection(ProjectConfigurationPlatforms) = postSolution
		{65A08184-857C-4BF1-ACA5-C70A8019BFCF}.Debug|Any CPU.ActiveCfg = Debug|Any CPU
		{65A08184-857C-4BF1-ACA5-C70A8019BFCF}.Debug|Any CPU.Build.0 = Debug|Any CPU
		{65A08184-857C-4BF1-ACA5-C70A8019BFCF}.Release|Any CPU.ActiveCfg = Release|Any CPU
		{65A08184-857C-4BF1-ACA5-C70A8019BFCF}.Release|Any CPU.Build.0 = Release|Any CPU
		{4ECF7E18-44B2-4AC9-BCA4-FE5555C19D65}.Debug|Any CPU.ActiveCfg = Debug|Any CPU
		{4ECF7E18-44B2-4AC9-BCA4-FE5555C19D65}.Debug|Any CPU.Build.0 = Debug|Any CPU
		{4ECF7E18-44B2-4AC9-BCA4-FE5555C19D65}.Release|Any CPU.ActiveCfg = Release|Any CPU
		{4ECF7E18-44B2-4AC9-BCA4-FE5555C19D65}.Release|Any CPU.Build.0 = Release|Any CPU
	EndGlobalSection
	GlobalSection(SolutionProperties) = preSolution
		HideSolutionNode = FALSE
	EndGlobalSection
	GlobalSection(ExtensibilityGlobals) = postSolution
		SolutionGuid = {0F0F7CB5-F477-4333-9784-4C3E6DAC2AF2}
	EndGlobalSection
EndGlobal
